
Microsoft Visual Studio Solution File, Format Version 12.00
# Visual Studio Version 17
VisualStudioVersion = 17.12.35527.113 d17.12
MinimumVisualStudioVersion = 10.0.40219.1
Project("{FAE04EC0-301F-11D3-BF4B-00C04F79EFBC}") = "Maktaba.PLL", "Maktaba.PLL\Maktaba.PLL.csproj", "{12ADF131-191D-4DEA-BB53-0F891601AE50}"
EndProject
Project("{FAE04EC0-301F-11D3-BF4B-00C04F79EFBC}") = "Maktaba.BLL", "Maktaba.BLL\Maktaba.BLL.csproj", "{856B395C-5708-4141-A498-A2CEBC311D60}"
EndProject
Project("{FAE04EC0-301F-11D3-BF4B-00C04F79EFBC}") = "Maktaba.DAL", "Maktaba.DAL\Maktaba.DAL.csproj", "{0C08F88E-9B30-43A7-BED9-A6EC850DA397}"
EndProject
Global
	GlobalSection(SolutionConfigurationPlatforms) = preSolution
		Debug|Any CPU = Debug|Any CPU
		Release|Any CPU = Release|Any CPU
	EndGlobalSection
	GlobalSection(ProjectConfigurationPlatforms) = postSolution
		{12ADF131-191D-4DEA-BB53-0F891601AE50}.Debug|Any CPU.ActiveCfg = Debug|Any CPU
		{12ADF131-191D-4DEA-BB53-0F891601AE50}.Debug|Any CPU.Build.0 = Debug|Any CPU
		{12ADF131-191D-4DEA-BB53-0F891601AE50}.Release|Any CPU.ActiveCfg = Release|Any CPU
		{12ADF131-191D-4DEA-BB53-0F891601AE50}.Release|Any CPU.Build.0 = Release|Any CPU
		{856B395C-5708-4141-A498-A2CEBC311D60}.Debug|Any CPU.ActiveCfg = Debug|Any CPU
		{856B395C-5708-4141-A498-A2CEBC311D60}.Debug|Any CPU.Build.0 = Debug|Any CPU
		{856B395C-5708-4141-A498-A2CEBC311D60}.Release|Any CPU.ActiveCfg = Release|Any CPU
		{856B395C-5708-4141-A498-A2CEBC311D60}.Release|Any CPU.Build.0 = Release|Any CPU
		{0C08F88E-9B30-43A7-BED9-A6EC850DA397}.Debug|Any CPU.ActiveCfg = Debug|Any CPU
		{0C08F88E-9B30-43A7-BED9-A6EC850DA397}.Debug|Any CPU.Build.0 = Debug|Any CPU
		{0C08F88E-9B30-43A7-BED9-A6EC850DA397}.Release|Any CPU.ActiveCfg = Release|Any CPU
		{0C08F88E-9B30-43A7-BED9-A6EC850DA397}.Release|Any CPU.Build.0 = Release|Any CPU
	EndGlobalSection
	GlobalSection(SolutionProperties) = preSolution
		HideSolutionNode = FALSE
	EndGlobalSection
EndGlobal
